
Microsoft Visual Studio Solution File, Format Version 12.00
# Visual Studio Version 17
VisualStudioVersion = 17.11.35222.181
MinimumVisualStudioVersion = 10.0.40219.1
Project("{9A19103F-16F7-4668-BE54-9A1E7A4F7556}") = "FaceExtrusion", "FaceExtrusion\FaceExtrusion.csproj", "{F1480B3C-DFD9-4A95-BAE0-6BC605BE4B53}"
EndProject
Project("{2150E333-8FDC-42A3-9474-1A3956D46DE8}") = "Solution Items", "Solution Items", "{6B42DE13-F1D1-4E66-BD1D-03D2981F6ACB}"
	ProjectSection(SolutionItems) = preProject
		.editorconfig = .editorconfig
		README.md = README.md
	EndProjectSection
EndProject
Project("{9A19103F-16F7-4668-BE54-9A1E7A4F7556}") = "SequentialSelector", "SequentialSelector\SequentialSelector.csproj", "{BAB137AF-CA59-4D8C-9501-1AB478B06FEE}"
EndProject
Project("{9A19103F-16F7-4668-BE54-9A1E7A4F7556}") = "FamilyInstanceCut", "FamilyInstanceCut\FamilyInstanceCut.csproj", "{CEC06FBD-4769-4D41-813A-4DF03C1BA385}"
EndProject
Global
	GlobalSection(SolutionConfigurationPlatforms) = preSolution
		Debug R18|Any CPU = Debug R18|Any CPU
		Debug R20|Any CPU = Debug R20|Any CPU
		Debug R21|Any CPU = Debug R21|Any CPU
		Debug R22|Any CPU = Debug R22|Any CPU
		Debug R23|Any CPU = Debug R23|Any CPU
		Debug R24|Any CPU = Debug R24|Any CPU
		Release R18|Any CPU = Release R18|Any CPU
		Release R20|Any CPU = Release R20|Any CPU
		Release R21|Any CPU = Release R21|Any CPU
		Release R22|Any CPU = Release R22|Any CPU
		Release R23|Any CPU = Release R23|Any CPU
		Release R24|Any CPU = Release R24|Any CPU
	EndGlobalSection
	GlobalSection(ProjectConfigurationPlatforms) = postSolution
		{F1480B3C-DFD9-4A95-BAE0-6BC605BE4B53}.Debug R18|Any CPU.ActiveCfg = Debug R18|Any CPU
		{F1480B3C-DFD9-4A95-BAE0-6BC605BE4B53}.Debug R18|Any CPU.Build.0 = Debug R18|Any CPU
		{F1480B3C-DFD9-4A95-BAE0-6BC605BE4B53}.Debug R20|Any CPU.ActiveCfg = Debug R20|Any CPU
		{F1480B3C-DFD9-4A95-BAE0-6BC605BE4B53}.Debug R20|Any CPU.Build.0 = Debug R20|Any CPU
		{F1480B3C-DFD9-4A95-BAE0-6BC605BE4B53}.Debug R21|Any CPU.ActiveCfg = Debug R21|Any CPU
		{F1480B3C-DFD9-4A95-BAE0-6BC605BE4B53}.Debug R21|Any CPU.Build.0 = Debug R21|Any CPU
		{F1480B3C-DFD9-4A95-BAE0-6BC605BE4B53}.Debug R22|Any CPU.ActiveCfg = Debug R22|Any CPU
		{F1480B3C-DFD9-4A95-BAE0-6BC605BE4B53}.Debug R22|Any CPU.Build.0 = Debug R22|Any CPU
		{F1480B3C-DFD9-4A95-BAE0-6BC605BE4B53}.Debug R23|Any CPU.ActiveCfg = Debug R23|Any CPU
		{F1480B3C-DFD9-4A95-BAE0-6BC605BE4B53}.Debug R23|Any CPU.Build.0 = Debug R23|Any CPU
		{F1480B3C-DFD9-4A95-BAE0-6BC605BE4B53}.Debug R24|Any CPU.ActiveCfg = Debug R24|Any CPU
		{F1480B3C-DFD9-4A95-BAE0-6BC605BE4B53}.Debug R24|Any CPU.Build.0 = Debug R24|Any CPU
		{F1480B3C-DFD9-4A95-BAE0-6BC605BE4B53}.Release R18|Any CPU.ActiveCfg = Release R18|Any CPU
		{F1480B3C-DFD9-4A95-BAE0-6BC605BE4B53}.Release R18|Any CPU.Build.0 = Release R18|Any CPU
		{F1480B3C-DFD9-4A95-BAE0-6BC605BE4B53}.Release R20|Any CPU.ActiveCfg = Release R20|Any CPU
		{F1480B3C-DFD9-4A95-BAE0-6BC605BE4B53}.Release R20|Any CPU.Build.0 = Release R20|Any CPU
		{F1480B3C-DFD9-4A95-BAE0-6BC605BE4B53}.Release R21|Any CPU.ActiveCfg = Release R21|Any CPU
		{F1480B3C-DFD9-4A95-BAE0-6BC605BE4B53}.Release R21|Any CPU.Build.0 = Release R21|Any CPU
		{F1480B3C-DFD9-4A95-BAE0-6BC605BE4B53}.Release R22|Any CPU.ActiveCfg = Release R22|Any CPU
		{F1480B3C-DFD9-4A95-BAE0-6BC605BE4B53}.Release R22|Any CPU.Build.0 = Release R22|Any CPU
		{F1480B3C-DFD9-4A95-BAE0-6BC605BE4B53}.Release R23|Any CPU.ActiveCfg = Release R23|Any CPU
		{F1480B3C-DFD9-4A95-BAE0-6BC605BE4B53}.Release R23|Any CPU.Build.0 = Release R23|Any CPU
		{F1480B3C-DFD9-4A95-BAE0-6BC605BE4B53}.Release R24|Any CPU.ActiveCfg = Release R24|Any CPU
		{F1480B3C-DFD9-4A95-BAE0-6BC605BE4B53}.Release R24|Any CPU.Build.0 = Release R24|Any CPU
		{BAB137AF-CA59-4D8C-9501-1AB478B06FEE}.Debug R18|Any CPU.ActiveCfg = Debug R18|Any CPU
		{BAB137AF-CA59-4D8C-9501-1AB478B06FEE}.Debug R18|Any CPU.Build.0 = Debug R18|Any CPU
		{BAB137AF-CA59-4D8C-9501-1AB478B06FEE}.Debug R20|Any CPU.ActiveCfg = Debug R20|Any CPU
		{BAB137AF-CA59-4D8C-9501-1AB478B06FEE}.Debug R20|Any CPU.Build.0 = Debug R20|Any CPU
		{BAB137AF-CA59-4D8C-9501-1AB478B06FEE}.Debug R21|Any CPU.ActiveCfg = Debug R21|Any CPU
		{BAB137AF-CA59-4D8C-9501-1AB478B06FEE}.Debug R21|Any CPU.Build.0 = Debug R21|Any CPU
		{BAB137AF-CA59-4D8C-9501-1AB478B06FEE}.Debug R22|Any CPU.ActiveCfg = Debug R22|Any CPU
		{BAB137AF-CA59-4D8C-9501-1AB478B06FEE}.Debug R22|Any CPU.Build.0 = Debug R22|Any CPU
		{BAB137AF-CA59-4D8C-9501-1AB478B06FEE}.Debug R23|Any CPU.ActiveCfg = Debug R23|Any CPU
		{BAB137AF-CA59-4D8C-9501-1AB478B06FEE}.Debug R23|Any CPU.Build.0 = Debug R23|Any CPU
		{BAB137AF-CA59-4D8C-9501-1AB478B06FEE}.Debug R24|Any CPU.ActiveCfg = Debug R24|Any CPU
		{BAB137AF-CA59-4D8C-9501-1AB478B06FEE}.Debug R24|Any CPU.Build.0 = Debug R24|Any CPU
		{BAB137AF-CA59-4D8C-9501-1AB478B06FEE}.Release R18|Any CPU.ActiveCfg = Release R20|Any CPU
		{BAB137AF-CA59-4D8C-9501-1AB478B06FEE}.Release R18|Any CPU.Build.0 = Release R20|Any CPU
		{BAB137AF-CA59-4D8C-9501-1AB478B06FEE}.Release R20|Any CPU.ActiveCfg = Release R20|Any CPU
		{BAB137AF-CA59-4D8C-9501-1AB478B06FEE}.Release R20|Any CPU.Build.0 = Release R20|Any CPU
		{BAB137AF-CA59-4D8C-9501-1AB478B06FEE}.Release R21|Any CPU.ActiveCfg = Release R21|Any CPU
		{BAB137AF-CA59-4D8C-9501-1AB478B06FEE}.Release R21|Any CPU.Build.0 = Release R21|Any CPU
		{BAB137AF-CA59-4D8C-9501-1AB478B06FEE}.Release R22|Any CPU.ActiveCfg = Release R22|Any CPU
		{BAB137AF-CA59-4D8C-9501-1AB478B06FEE}.Release R22|Any CPU.Build.0 = Release R22|Any CPU
		{BAB137AF-CA59-4D8C-9501-1AB478B06FEE}.Release R23|Any CPU.ActiveCfg = Release R23|Any CPU
		{BAB137AF-CA59-4D8C-9501-1AB478B06FEE}.Release R23|Any CPU.Build.0 = Release R23|Any CPU
		{BAB137AF-CA59-4D8C-9501-1AB478B06FEE}.Release R24|Any CPU.ActiveCfg = Release R24|Any CPU
		{BAB137AF-CA59-4D8C-9501-1AB478B06FEE}.Release R24|Any CPU.Build.0 = Release R24|Any CPU
		{CEC06FBD-4769-4D41-813A-4DF03C1BA385}.Debug R18|Any CPU.ActiveCfg = Debug R18|Any CPU
		{CEC06FBD-4769-4D41-813A-4DF03C1BA385}.Debug R18|Any CPU.Build.0 = Debug R18|Any CPU
		{CEC06FBD-4769-4D41-813A-4DF03C1BA385}.Debug R20|Any CPU.ActiveCfg = Debug R20|Any CPU
		{CEC06FBD-4769-4D41-813A-4DF03C1BA385}.Debug R20|Any CPU.Build.0 = Debug R20|Any CPU
		{CEC06FBD-4769-4D41-813A-4DF03C1BA385}.Debug R21|Any CPU.ActiveCfg = Debug R21|Any CPU
		{CEC06FBD-4769-4D41-813A-4DF03C1BA385}.Debug R21|Any CPU.Build.0 = Debug R21|Any CPU
		{CEC06FBD-4769-4D41-813A-4DF03C1BA385}.Debug R22|Any CPU.ActiveCfg = Debug R22|Any CPU
		{CEC06FBD-4769-4D41-813A-4DF03C1BA385}.Debug R22|Any CPU.Build.0 = Debug R22|Any CPU
		{CEC06FBD-4769-4D41-813A-4DF03C1BA385}.Debug R23|Any CPU.ActiveCfg = Debug R23|Any CPU
		{CEC06FBD-4769-4D41-813A-4DF03C1BA385}.Debug R23|Any CPU.Build.0 = Debug R23|Any CPU
		{CEC06FBD-4769-4D41-813A-4DF03C1BA385}.Debug R24|Any CPU.ActiveCfg = Debug R24|Any CPU
		{CEC06FBD-4769-4D41-813A-4DF03C1BA385}.Debug R24|Any CPU.Build.0 = Debug R24|Any CPU
		{CEC06FBD-4769-4D41-813A-4DF03C1BA385}.Release R18|Any CPU.ActiveCfg = Release R18|Any CPU
		{CEC06FBD-4769-4D41-813A-4DF03C1BA385}.Release R18|Any CPU.Build.0 = Release R18|Any CPU
		{CEC06FBD-4769-4D41-813A-4DF03C1BA385}.Release R20|Any CPU.ActiveCfg = Release R20|Any CPU
		{CEC06FBD-4769-4D41-813A-4DF03C1BA385}.Release R20|Any CPU.Build.0 = Release R20|Any CPU
		{CEC06FBD-4769-4D41-813A-4DF03C1BA385}.Release R21|Any CPU.ActiveCfg = Release R21|Any CPU
		{CEC06FBD-4769-4D41-813A-4DF03C1BA385}.Release R21|Any CPU.Build.0 = Release R21|Any CPU
		{CEC06FBD-4769-4D41-813A-4DF03C1BA385}.Release R22|Any CPU.ActiveCfg = Release R22|Any CPU
		{CEC06FBD-4769-4D41-813A-4DF03C1BA385}.Release R22|Any CPU.Build.0 = Release R22|Any CPU
		{CEC06FBD-4769-4D41-813A-4DF03C1BA385}.Release R23|Any CPU.ActiveCfg = Release R23|Any CPU
		{CEC06FBD-4769-4D41-813A-4DF03C1BA385}.Release R23|Any CPU.Build.0 = Release R23|Any CPU
		{CEC06FBD-4769-4D41-813A-4DF03C1BA385}.Release R24|Any CPU.ActiveCfg = Release R24|Any CPU
		{CEC06FBD-4769-4D41-813A-4DF03C1BA385}.Release R24|Any CPU.Build.0 = Release R24|Any CPU
	EndGlobalSection
	GlobalSection(SolutionProperties) = preSolution
		HideSolutionNode = FALSE
	EndGlobalSection
	GlobalSection(ExtensibilityGlobals) = postSolution
		SolutionGuid = {E32DFDDD-F922-4C3F-9E24-7FFDD98BEECA}
	EndGlobalSection
EndGlobal
